
Microsoft Visual Studio Solution File, Format Version 12.00
# Visual Studio Version 16
VisualStudioVersion = 16.0.31025.194
MinimumVisualStudioVersion = 10.0.40219.1
Project("{FAE04EC0-301F-11D3-BF4B-00C04F79EFBC}") = "HPNASOAPClient", "HPNASOAPClient\HPNASOAPClient.csproj", "{7A8F84E6-C171-4C7C-B50E-A6881204B12D}"
EndProject
Global
	GlobalSection(SolutionConfigurationPlatforms) = preSolution
		Debug|Any CPU = Debug|Any CPU
		Release|Any CPU = Release|Any CPU
	EndGlobalSection
	GlobalSection(ProjectConfigurationPlatforms) = postSolution
		{7A8F84E6-C171-4C7C-B50E-A6881204B12D}.Debug|Any CPU.ActiveCfg = Debug|Any CPU
		{7A8F84E6-C171-4C7C-B50E-A6881204B12D}.Debug|Any CPU.Build.0 = Debug|Any CPU
		{7A8F84E6-C171-4C7C-B50E-A6881204B12D}.Release|Any CPU.ActiveCfg = Release|Any CPU
		{7A8F84E6-C171-4C7C-B50E-A6881204B12D}.Release|Any CPU.Build.0 = Release|Any CPU
	EndGlobalSection
	GlobalSection(SolutionProperties) = preSolution
		HideSolutionNode = FALSE
	EndGlobalSection
	GlobalSection(ExtensibilityGlobals) = postSolution
		SolutionGuid = {89A8B878-B02F-405A-B24D-4C2E704FDBDB}
	EndGlobalSection
EndGlobal
